// !$*UTF8*$!
{
	archiveVersion = 1;
	classes = {
	};
	objectVersion = 56;
	objects = {

/* Begin PBXBuildFile section */
		8D3BE06D2AF0045D0000B369 /* SFProDisplay-Medium.ttf in Resources */ = {isa = PBXBuildFile; fileRef = 8D3BE0692AF0045D0000B369 /* SFProDisplay-Medium.ttf */; };
		8D3BE06E2AF0045D0000B369 /* SFProDisplay-Semibold.ttf in Resources */ = {isa = PBXBuildFile; fileRef = 8D3BE06A2AF0045D0000B369 /* SFProDisplay-Semibold.ttf */; };
		8D3BE06F2AF0045D0000B369 /* SFProDisplay-Regular.ttf in Resources */ = {isa = PBXBuildFile; fileRef = 8D3BE06B2AF0045D0000B369 /* SFProDisplay-Regular.ttf */; };
		8D3BE0702AF0045D0000B369 /* SFProDisplay.ttf in Resources */ = {isa = PBXBuildFile; fileRef = 8D3BE06C2AF0045D0000B369 /* SFProDisplay.ttf */; };
		8D5B745F2AEFF48800172B56 /* AppDelegate.swift in Sources */ = {isa = PBXBuildFile; fileRef = 8D5B745E2AEFF48800172B56 /* AppDelegate.swift */; };
		8D5B74612AEFF48800172B56 /* SceneDelegate.swift in Sources */ = {isa = PBXBuildFile; fileRef = 8D5B74602AEFF48800172B56 /* SceneDelegate.swift */; };
		8D5B74632AEFF48800172B56 /* ViewController.swift in Sources */ = {isa = PBXBuildFile; fileRef = 8D5B74622AEFF48800172B56 /* ViewController.swift */; };
		8D5B74662AEFF48800172B56 /* Main.storyboard in Resources */ = {isa = PBXBuildFile; fileRef = 8D5B74642AEFF48800172B56 /* Main.storyboard */; };
		8D5B74682AEFF48900172B56 /* Assets.xcassets in Resources */ = {isa = PBXBuildFile; fileRef = 8D5B74672AEFF48900172B56 /* Assets.xcassets */; };
		8D5B746B2AEFF48900172B56 /* LaunchScreen.storyboard in Resources */ = {isa = PBXBuildFile; fileRef = 8D5B74692AEFF48900172B56 /* LaunchScreen.storyboard */; };
		8D9F40552AF3E58300F351CA /* FavoriteTableViewController.swift in Sources */ = {isa = PBXBuildFile; fileRef = 8D9F40542AF3E58300F351CA /* FavoriteTableViewController.swift */; };
		8D9F40572AF3E7FE00F351CA /* MovieTableViewCell.swift in Sources */ = {isa = PBXBuildFile; fileRef = 8D9F40562AF3E7FE00F351CA /* MovieTableViewCell.swift */; };
/* End PBXBuildFile section */

/* Begin PBXFileReference section */
		8D3BE0692AF0045D0000B369 /* SFProDisplay-Medium.ttf */ = {isa = PBXFileReference; lastKnownFileType = file; path = "SFProDisplay-Medium.ttf"; sourceTree = "<group>"; };
		8D3BE06A2AF0045D0000B369 /* SFProDisplay-Semibold.ttf */ = {isa = PBXFileReference; lastKnownFileType = file; path = "SFProDisplay-Semibold.ttf"; sourceTree = "<group>"; };
		8D3BE06B2AF0045D0000B369 /* SFProDisplay-Regular.ttf */ = {isa = PBXFileReference; lastKnownFileType = file; path = "SFProDisplay-Regular.ttf"; sourceTree = "<group>"; };
		8D3BE06C2AF0045D0000B369 /* SFProDisplay.ttf */ = {isa = PBXFileReference; lastKnownFileType = file; name = SFProDisplay.ttf; path = Ozinshe/SFProDisplay.ttf; sourceTree = SOURCE_ROOT; };
		8D5B745B2AEFF48800172B56 /* Ozinshe.app */ = {isa = PBXFileReference; explicitFileType = wrapper.application; includeInIndex = 0; path = Ozinshe.app; sourceTree = BUILT_PRODUCTS_DIR; };
		8D5B745E2AEFF48800172B56 /* AppDelegate.swift */ = {isa = PBXFileReference; lastKnownFileType = sourcecode.swift; path = AppDelegate.swift; sourceTree = "<group>"; };
		8D5B74602AEFF48800172B56 /* SceneDelegate.swift */ = {isa = PBXFileReference; lastKnownFileType = sourcecode.swift; path = SceneDelegate.swift; sourceTree = "<group>"; };
		8D5B74622AEFF48800172B56 /* ViewController.swift */ = {isa = PBXFileReference; lastKnownFileType = sourcecode.swift; path = ViewController.swift; sourceTree = "<group>"; };
		8D5B74652AEFF48800172B56 /* Base */ = {isa = PBXFileReference; lastKnownFileType = file.storyboard; name = Base; path = Base.lproj/Main.storyboard; sourceTree = "<group>"; };
		8D5B74672AEFF48900172B56 /* Assets.xcassets */ = {isa = PBXFileReference; lastKnownFileType = folder.assetcatalog; path = Assets.xcassets; sourceTree = "<group>"; };
		8D5B746A2AEFF48900172B56 /* Base */ = {isa = PBXFileReference; lastKnownFileType = file.storyboard; name = Base; path = Base.lproj/LaunchScreen.storyboard; sourceTree = "<group>"; };
		8D5B746C2AEFF48900172B56 /* Info.plist */ = {isa = PBXFileReference; lastKnownFileType = text.plist.xml; path = Info.plist; sourceTree = "<group>"; };
		8D9F40542AF3E58300F351CA /* FavoriteTableViewController.swift */ = {isa = PBXFileReference; lastKnownFileType = sourcecode.swift; path = FavoriteTableViewController.swift; sourceTree = "<group>"; };
		8D9F40562AF3E7FE00F351CA /* MovieTableViewCell.swift */ = {isa = PBXFileReference; lastKnownFileType = sourcecode.swift; path = MovieTableViewCell.swift; sourceTree = "<group>"; };
/* End PBXFileReference section */

/* Begin PBXFrameworksBuildPhase section */
		8D5B74582AEFF48800172B56 /* Frameworks */ = {
			isa = PBXFrameworksBuildPhase;
			buildActionMask = 2147483647;
			files = (
			);
			runOnlyForDeploymentPostprocessing = 0;
		};
/* End PBXFrameworksBuildPhase section */

/* Begin PBXGroup section */
		8D3BE0682AF0044A0000B369 /* Fonts */ = {
			isa = PBXGroup;
			children = (
				8D3BE06C2AF0045D0000B369 /* SFProDisplay.ttf */,
				8D3BE0692AF0045D0000B369 /* SFProDisplay-Medium.ttf */,
				8D3BE06B2AF0045D0000B369 /* SFProDisplay-Regular.ttf */,
				8D3BE06A2AF0045D0000B369 /* SFProDisplay-Semibold.ttf */,
			);
			name = Fonts;
			sourceTree = "<group>";
		};
		8D5B74522AEFF48800172B56 = {
			isa = PBXGroup;
			children = (
				8D5B745D2AEFF48800172B56 /* Ozinshe */,
				8D5B745C2AEFF48800172B56 /* Products */,
			);
			sourceTree = "<group>";
		};
		8D5B745C2AEFF48800172B56 /* Products */ = {
			isa = PBXGroup;
			children = (
				8D5B745B2AEFF48800172B56 /* Ozinshe.app */,
			);
			name = Products;
			sourceTree = "<group>";
		};
		8D5B745D2AEFF48800172B56 /* Ozinshe */ = {
			isa = PBXGroup;
			children = (
				8D9F40532AF3E4DC00F351CA /* Controllers */,
				8D3BE0682AF0044A0000B369 /* Fonts */,
				8D5B745E2AEFF48800172B56 /* AppDelegate.swift */,
				8D5B74602AEFF48800172B56 /* SceneDelegate.swift */,
				8D5B74642AEFF48800172B56 /* Main.storyboard */,
				8D5B74672AEFF48900172B56 /* Assets.xcassets */,
				8D5B74692AEFF48900172B56 /* LaunchScreen.storyboard */,
				8D5B746C2AEFF48900172B56 /* Info.plist */,
			);
			path = Ozinshe;
			sourceTree = "<group>";
		};
		8D9F40532AF3E4DC00F351CA /* Controllers */ = {
			isa = PBXGroup;
			children = (
				8D5B74622AEFF48800172B56 /* ViewController.swift */,
				8D9F40562AF3E7FE00F351CA /* MovieTableViewCell.swift */,
				8D9F40542AF3E58300F351CA /* FavoriteTableViewController.swift */,
			);
			name = Controllers;
			sourceTree = "<group>";
		};
/* End PBXGroup section */

/* Begin PBXNativeTarget section */
		8D5B745A2AEFF48800172B56 /* Ozinshe */ = {
			isa = PBXNativeTarget;
			buildConfigurationList = 8D5B746F2AEFF48900172B56 /* Build configuration list for PBXNativeTarget "Ozinshe" */;
			buildPhases = (
				8D5B74572AEFF48800172B56 /* Sources */,
				8D5B74582AEFF48800172B56 /* Frameworks */,
				8D5B74592AEFF48800172B56 /* Resources */,
			);
			buildRules = (
			);
			dependencies = (
			);
			name = Ozinshe;
			productName = Ozinshe;
			productReference = 8D5B745B2AEFF48800172B56 /* Ozinshe.app */;
			productType = "com.apple.product-type.application";
		};
/* End PBXNativeTarget section */

/* Begin PBXProject section */
		8D5B74532AEFF48800172B56 /* Project object */ = {
			isa = PBXProject;
			attributes = {
				BuildIndependentTargetsInParallel = 1;
				LastSwiftUpdateCheck = 1430;
				LastUpgradeCheck = 1430;
				TargetAttributes = {
					8D5B745A2AEFF48800172B56 = {
						CreatedOnToolsVersion = 14.3.1;
					};
				};
			};
			buildConfigurationList = 8D5B74562AEFF48800172B56 /* Build configuration list for PBXProject "Ozinshe" */;
			compatibilityVersion = "Xcode 14.0";
			developmentRegion = en;
			hasScannedForEncodings = 0;
			knownRegions = (
				en,
				Base,
			);
			mainGroup = 8D5B74522AEFF48800172B56;
			productRefGroup = 8D5B745C2AEFF48800172B56 /* Products */;
			projectDirPath = "";
			projectRoot = "";
			targets = (
				8D5B745A2AEFF48800172B56 /* Ozinshe */,
			);
		};
/* End PBXProject section */

/* Begin PBXResourcesBuildPhase section */
		8D5B74592AEFF48800172B56 /* Resources */ = {
			isa = PBXResourcesBuildPhase;
			buildActionMask = 2147483647;
			files = (
				8D5B746B2AEFF48900172B56 /* LaunchScreen.storyboard in Resources */,
				8D3BE06D2AF0045D0000B369 /* SFProDisplay-Medium.ttf in Resources */,
				8D5B74682AEFF48900172B56 /* Assets.xcassets in Resources */,
				8D3BE06F2AF0045D0000B369 /* SFProDisplay-Regular.ttf in Resources */,
				8D3BE0702AF0045D0000B369 /* SFProDisplay.ttf in Resources */,
				8D3BE06E2AF0045D0000B369 /* SFProDisplay-Semibold.ttf in Resources */,
				8D5B74662AEFF48800172B56 /* Main.storyboard in Resources */,
			);
			runOnlyForDeploymentPostprocessing = 0;
		};
/* End PBXResourcesBuildPhase section */

/* Begin PBXSourcesBuildPhase section */
		8D5B74572AEFF48800172B56 /* Sources */ = {
			isa = PBXSourcesBuildPhase;
			buildActionMask = 2147483647;
			files = (
				8D9F40572AF3E7FE00F351CA /* MovieTableViewCell.swift in Sources */,
				8D5B74632AEFF48800172B56 /* ViewController.swift in Sources */,
				8D9F40552AF3E58300F351CA /* FavoriteTableViewController.swift in Sources */,
				8D5B745F2AEFF48800172B56 /* AppDelegate.swift in Sources */,
				8D5B74612AEFF48800172B56 /* SceneDelegate.swift in Sources */,
			);
			runOnlyForDeploymentPostprocessing = 0;
		};
/* End PBXSourcesBuildPhase section */

/* Begin PBXVariantGroup section */
		8D5B74642AEFF48800172B56 /* Main.storyboard */ = {
			isa = PBXVariantGroup;
			children = (
				8D5B74652AEFF48800172B56 /* Base */,
			);
			name = Main.storyboard;
			sourceTree = "<group>";
		};
		8D5B74692AEFF48900172B56 /* LaunchScreen.storyboard */ = {
			isa = PBXVariantGroup;
			children = (
				8D5B746A2AEFF48900172B56 /* Base */,
			);
			name = LaunchScreen.storyboard;
			sourceTree = "<group>";
		};
/* End PBXVariantGroup section */

/* Begin XCBuildConfiguration section */
		8D5B746D2AEFF48900172B56 /* Debug */ = {
			isa = XCBuildConfiguration;
			buildSettings = {
				ALWAYS_SEARCH_USER_PATHS = NO;
				CLANG_ANALYZER_NONNULL = YES;
				CLANG_ANALYZER_NUMBER_OBJECT_CONVERSION = YES_AGGRESSIVE;
				CLANG_CXX_LANGUAGE_STANDARD = "gnu++20";
				CLANG_ENABLE_MODULES = YES;
				CLANG_ENABLE_OBJC_ARC = YES;
				CLANG_ENABLE_OBJC_WEAK = YES;
				CLANG_WARN_BLOCK_CAPTURE_AUTORELEASING = YES;
				CLANG_WARN_BOOL_CONVERSION = YES;
				CLANG_WARN_COMMA = YES;
				CLANG_WARN_CONSTANT_CONVERSION = YES;
				CLANG_WARN_DEPRECATED_OBJC_IMPLEMENTATIONS = YES;
				CLANG_WARN_DIRECT_OBJC_ISA_USAGE = YES_ERROR;
				CLANG_WARN_DOCUMENTATION_COMMENTS = YES;
				CLANG_WARN_EMPTY_BODY = YES;
				CLANG_WARN_ENUM_CONVERSION = YES;
				CLANG_WARN_INFINITE_RECURSION = YES;
				CLANG_WARN_INT_CONVERSION = YES;
				CLANG_WARN_NON_LITERAL_NULL_CONVERSION = YES;
				CLANG_WARN_OBJC_IMPLICIT_RETAIN_SELF = YES;
				CLANG_WARN_OBJC_LITERAL_CONVERSION = YES;
				CLANG_WARN_OBJC_ROOT_CLASS = YES_ERROR;
				CLANG_WARN_QUOTED_INCLUDE_IN_FRAMEWORK_HEADER = YES;
				CLANG_WARN_RANGE_LOOP_ANALYSIS = YES;
				CLANG_WARN_STRICT_PROTOTYPES = YES;
				CLANG_WARN_SUSPICIOUS_MOVE = YES;
				CLANG_WARN_UNGUARDED_AVAILABILITY = YES_AGGRESSIVE;
				CLANG_WARN_UNREACHABLE_CODE = YES;
				CLANG_WARN__DUPLICATE_METHOD_MATCH = YES;
				COPY_PHASE_STRIP = NO;
				DEBUG_INFORMATION_FORMAT = dwarf;
				ENABLE_STRICT_OBJC_MSGSEND = YES;
				ENABLE_TESTABILITY = YES;
				GCC_C_LANGUAGE_STANDARD = gnu11;
				GCC_DYNAMIC_NO_PIC = NO;
				GCC_NO_COMMON_BLOCKS = YES;
				GCC_OPTIMIZATION_LEVEL = 0;
				GCC_PREPROCESSOR_DEFINITIONS = (
					"DEBUG=1",
					"$(inherited)",
				);
				GCC_WARN_64_TO_32_BIT_CONVERSION = YES;
				GCC_WARN_ABOUT_RETURN_TYPE = YES_ERROR;
				GCC_WARN_UNDECLARED_SELECTOR = YES;
				GCC_WARN_UNINITIALIZED_AUTOS = YES_AGGRESSIVE;
				GCC_WARN_UNUSED_FUNCTION = YES;
				GCC_WARN_UNUSED_VARIABLE = YES;
				IPHONEOS_DEPLOYMENT_TARGET = 16.4;
				MTL_ENABLE_DEBUG_INFO = INCLUDE_SOURCE;
				MTL_FAST_MATH = YES;
				ONLY_ACTIVE_ARCH = YES;
				SDKROOT = iphoneos;
				SWIFT_ACTIVE_COMPILATION_CONDITIONS = DEBUG;
				SWIFT_OPTIMIZATION_LEVEL = "-Onone";
			};
			name = Debug;
		};
		8D5B746E2AEFF48900172B56 /* Release */ = {
			isa = XCBuildConfiguration;
			buildSettings = {
				ALWAYS_SEARCH_USER_PATHS = NO;
				CLANG_ANALYZER_NONNULL = YES;
				CLANG_ANALYZER_NUMBER_OBJECT_CONVERSION = YES_AGGRESSIVE;
				CLANG_CXX_LANGUAGE_STANDARD = "gnu++20";
				CLANG_ENABLE_MODULES = YES;
				CLANG_ENABLE_OBJC_ARC = YES;
				CLANG_ENABLE_OBJC_WEAK = YES;
				CLANG_WARN_BLOCK_CAPTURE_AUTORELEASING = YES;
				CLANG_WARN_BOOL_CONVERSION = YES;
				CLANG_WARN_COMMA = YES;
				CLANG_WARN_CONSTANT_CONVERSION = YES;
				CLANG_WARN_DEPRECATED_OBJC_IMPLEMENTATIONS = YES;
				CLANG_WARN_DIRECT_OBJC_ISA_USAGE = YES_ERROR;
				CLANG_WARN_DOCUMENTATION_COMMENTS = YES;
				CLANG_WARN_EMPTY_BODY = YES;
				CLANG_WARN_ENUM_CONVERSION = YES;
				CLANG_WARN_INFINITE_RECURSION = YES;
				CLANG_WARN_INT_CONVERSION = YES;
				CLANG_WARN_NON_LITERAL_NULL_CONVERSION = YES;
				CLANG_WARN_OBJC_IMPLICIT_RETAIN_SELF = YES;
				CLANG_WARN_OBJC_LITERAL_CONVERSION = YES;
				CLANG_WARN_OBJC_ROOT_CLASS = YES_ERROR;
				CLANG_WARN_QUOTED_INCLUDE_IN_FRAMEWORK_HEADER = YES;
				CLANG_WARN_RANGE_LOOP_ANALYSIS = YES;
				CLANG_WARN_STRICT_PROTOTYPES = YES;
				CLANG_WARN_SUSPICIOUS_MOVE = YES;
				CLANG_WARN_UNGUARDED_AVAILABILITY = YES_AGGRESSIVE;
				CLANG_WARN_UNREACHABLE_CODE = YES;
				CLANG_WARN__DUPLICATE_METHOD_MATCH = YES;
				COPY_PHASE_STRIP = NO;
				DEBUG_INFORMATION_FORMAT = "dwarf-with-dsym";
				ENABLE_NS_ASSERTIONS = NO;
				ENABLE_STRICT_OBJC_MSGSEND = YES;
				GCC_C_LANGUAGE_STANDARD = gnu11;
				GCC_NO_COMMON_BLOCKS = YES;
				GCC_WARN_64_TO_32_BIT_CONVERSION = YES;
				GCC_WARN_ABOUT_RETURN_TYPE = YES_ERROR;
				GCC_WARN_UNDECLARED_SELECTOR = YES;
				GCC_WARN_UNINITIALIZED_AUTOS = YES_AGGRESSIVE;
				GCC_WARN_UNUSED_FUNCTION = YES;
				GCC_WARN_UNUSED_VARIABLE = YES;
				IPHONEOS_DEPLOYMENT_TARGET = 16.4;
				MTL_ENABLE_DEBUG_INFO = NO;
				MTL_FAST_MATH = YES;
				SDKROOT = iphoneos;
				SWIFT_COMPILATION_MODE = wholemodule;
				SWIFT_OPTIMIZATION_LEVEL = "-O";
				VALIDATE_PRODUCT = YES;
			};
			name = Release;
		};
		8D5B74702AEFF48900172B56 /* Debug */ = {
			isa = XCBuildConfiguration;
			buildSettings = {
				ASSETCATALOG_COMPILER_APPICON_NAME = AppIcon;
				ASSETCATALOG_COMPILER_GLOBAL_ACCENT_COLOR_NAME = AccentColor;
				CODE_SIGN_STYLE = Automatic;
				CURRENT_PROJECT_VERSION = 1;
				DEVELOPMENT_TEAM = Q774FQ9F4W;
				GENERATE_INFOPLIST_FILE = YES;
				INFOPLIST_FILE = Ozinshe/Info.plist;
				INFOPLIST_KEY_UIApplicationSupportsIndirectInputEvents = YES;
				INFOPLIST_KEY_UILaunchStoryboardName = LaunchScreen;
				INFOPLIST_KEY_UIMainStoryboardFile = Main;
				INFOPLIST_KEY_UISupportedInterfaceOrientations_iPad = "UIInterfaceOrientationPortrait UIInterfaceOrientationPortraitUpsideDown UIInterfaceOrientationLandscapeLeft UIInterfaceOrientationLandscapeRight";
				INFOPLIST_KEY_UISupportedInterfaceOrientations_iPhone = "UIInterfaceOrientationPortrait UIInterfaceOrientationLandscapeLeft UIInterfaceOrientationLandscapeRight";
				LD_RUNPATH_SEARCH_PATHS = (
					"$(inherited)",
					"@executable_path/Frameworks",
				);
				MARKETING_VERSION = 1.0;
				PRODUCT_BUNDLE_IDENTIFIER = a.floccus.Ozinshe;
				PRODUCT_NAME = "$(TARGET_NAME)";
				SUPPORTED_PLATFORMS = "iphoneos iphonesimulator";
				SUPPORTS_MACCATALYST = NO;
				SUPPORTS_MAC_DESIGNED_FOR_IPHONE_IPAD = NO;
				SWIFT_EMIT_LOC_STRINGS = YES;
				SWIFT_VERSION = 5.0;
				TARGETED_DEVICE_FAMILY = 1;
			};
			name = Debug;
		};
		8D5B74712AEFF48900172B56 /* Release */ = {
			isa = XCBuildConfiguration;
			buildSettings = {
				ASSETCATALOG_COMPILER_APPICON_NAME = AppIcon;
				ASSETCATALOG_COMPILER_GLOBAL_ACCENT_COLOR_NAME = AccentColor;
				CODE_SIGN_STYLE = Automatic;
				CURRENT_PROJECT_VERSION = 1;
				DEVELOPMENT_TEAM = Q774FQ9F4W;
				GENERATE_INFOPLIST_FILE = YES;
				INFOPLIST_FILE = Ozinshe/Info.plist;
				INFOPLIST_KEY_UIApplicationSupportsIndirectInputEvents = YES;
				INFOPLIST_KEY_UILaunchStoryboardName = LaunchScreen;
				INFOPLIST_KEY_UIMainStoryboardFile = Main;
				INFOPLIST_KEY_UISupportedInterfaceOrientations_iPad = "UIInterfaceOrientationPortrait UIInterfaceOrientationPortraitUpsideDown UIInterfaceOrientationLandscapeLeft UIInterfaceOrientationLandscapeRight";
				INFOPLIST_KEY_UISupportedInterfaceOrientations_iPhone = "UIInterfaceOrientationPortrait UIInterfaceOrientationLandscapeLeft UIInterfaceOrientationLandscapeRight";
				LD_RUNPATH_SEARCH_PATHS = (
					"$(inherited)",
					"@executable_path/Frameworks",
				);
				MARKETING_VERSION = 1.0;
				PRODUCT_BUNDLE_IDENTIFIER = a.floccus.Ozinshe;
				PRODUCT_NAME = "$(TARGET_NAME)";
				SUPPORTED_PLATFORMS = "iphoneos iphonesimulator";
				SUPPORTS_MACCATALYST = NO;
				SUPPORTS_MAC_DESIGNED_FOR_IPHONE_IPAD = NO;
				SWIFT_EMIT_LOC_STRINGS = YES;
				SWIFT_VERSION = 5.0;
				TARGETED_DEVICE_FAMILY = 1;
			};
			name = Release;
		};
/* End XCBuildConfiguration section */

/* Begin XCConfigurationList section */
		8D5B74562AEFF48800172B56 /* Build configuration list for PBXProject "Ozinshe" */ = {
			isa = XCConfigurationList;
			buildConfigurations = (
				8D5B746D2AEFF48900172B56 /* Debug */,
				8D5B746E2AEFF48900172B56 /* Release */,
			);
			defaultConfigurationIsVisible = 0;
			defaultConfigurationName = Release;
		};
		8D5B746F2AEFF48900172B56 /* Build configuration list for PBXNativeTarget "Ozinshe" */ = {
			isa = XCConfigurationList;
			buildConfigurations = (
				8D5B74702AEFF48900172B56 /* Debug */,
				8D5B74712AEFF48900172B56 /* Release */,
			);
			defaultConfigurationIsVisible = 0;
			defaultConfigurationName = Release;
		};
/* End XCConfigurationList section */
	};
	rootObject = 8D5B74532AEFF48800172B56 /* Project object */;
}
